{
  "object": {
    "pins": [
      {
        "package": "Swdifft",
        "repositoryURL": "https://github.com/bannzai/Swdifft.git",
        "state": {
          "branch": null,
          "revision": "e92c79b9da9d2f87b3bfc6411eccf936b72db51e",
          "version": "1.0.3"
        }
      }
    ]
  },
  "version": 1
}
