// !$*UTF8*$!
{
	archiveVersion = 1;
	classes = {
	};
	objectVersion = 46;
	objects = {

/* Begin PBXBuildFile section */
		9C64AD471E0D442900CC3E85 /* Argment.swift in Sources */ = {isa = PBXBuildFile; fileRef = 9C64AD391E0D442900CC3E85 /* Argment.swift */; };
		9C64AD481E0D442900CC3E85 /* Environment.swift in Sources */ = {isa = PBXBuildFile; fileRef = 9C64AD3A1E0D442900CC3E85 /* Environment.swift */; };
		9C64AD491E0D442900CC3E85 /* SourceTree.swift in Sources */ = {isa = PBXBuildFile; fileRef = 9C64AD3B1E0D442900CC3E85 /* SourceTree.swift */; };
		9C64AD4A1E0D442900CC3E85 /* main.swift in Sources */ = {isa = PBXBuildFile; fileRef = 9C64AD3C1E0D442900CC3E85 /* main.swift */; };
		9C64AD4B1E0D442900CC3E85 /* AllPBX.swift in Sources */ = {isa = PBXBuildFile; fileRef = 9C64AD3E1E0D442900CC3E85 /* AllPBX.swift */; };
		9C64AD4C1E0D442900CC3E85 /* PBX.swift in Sources */ = {isa = PBXBuildFile; fileRef = 9C64AD3F1E0D442900CC3E85 /* PBX.swift */; };
		9C64AD4D1E0D442900CC3E85 /* Test.swift in Sources */ = {isa = PBXBuildFile; fileRef = 9C64AD411E0D442900CC3E85 /* Test.swift */; };
		9C64AD4E1E0D442900CC3E85 /* Translator.swift in Sources */ = {isa = PBXBuildFile; fileRef = 9C64AD431E0D442900CC3E85 /* Translator.swift */; };
		9C64AD531E0D443F00CC3E85 /* PBXSourcesBuildPhaseTranslator.swift in Sources */ = {isa = PBXBuildFile; fileRef = 9C64AD521E0D443F00CC3E85 /* PBXSourcesBuildPhaseTranslator.swift */; };
		9C64AD551E0D445300CC3E85 /* PBXGroupTranslator.swift in Sources */ = {isa = PBXBuildFile; fileRef = 9C64AD541E0D445300CC3E85 /* PBXGroupTranslator.swift */; };
		9C64AD571E0D449F00CC3E85 /* Abstract.swift in Sources */ = {isa = PBXBuildFile; fileRef = 9C64AD561E0D449F00CC3E85 /* Abstract.swift */; };
		9C64AD591E0D44CA00CC3E85 /* ObjectType.swift in Sources */ = {isa = PBXBuildFile; fileRef = 9C64AD581E0D44CA00CC3E85 /* ObjectType.swift */; };
		9C64AD5B1E0D4BC900CC3E85 /* LastKnownFileType.swift in Sources */ = {isa = PBXBuildFile; fileRef = 9C64AD5A1E0D4BC900CC3E85 /* LastKnownFileType.swift */; };
		9C64AD5D1E0D4BF400CC3E85 /* PathComponent.swift in Sources */ = {isa = PBXBuildFile; fileRef = 9C64AD5C1E0D4BF400CC3E85 /* PathComponent.swift */; };
		9C64AD621E0D4C6000CC3E85 /* XCPErrorType.swift in Sources */ = {isa = PBXBuildFile; fileRef = 9C64AD5F1E0D4C6000CC3E85 /* XCPErrorType.swift */; };
		9C64AD631E0D4C6000CC3E85 /* XCPHelperer.swift in Sources */ = {isa = PBXBuildFile; fileRef = 9C64AD601E0D4C6000CC3E85 /* XCPHelperer.swift */; };
		9C64AD641E0D4C6000CC3E85 /* XCProject.swift in Sources */ = {isa = PBXBuildFile; fileRef = 9C64AD611E0D4C6000CC3E85 /* XCProject.swift */; };
		9C64AD661E0D4C8000CC3E85 /* XCPSerialization.swift in Sources */ = {isa = PBXBuildFile; fileRef = 9C64AD651E0D4C8000CC3E85 /* XCPSerialization.swift */; };
/* End PBXBuildFile section */

/* Begin PBXCopyFilesBuildPhase section */
		9C1CA06C1D907BF40094BABD /* CopyFiles */ = {
			isa = PBXCopyFilesBuildPhase;
			buildActionMask = 2147483647;
			dstPath = /usr/share/man/man1/;
			dstSubfolderSpec = 0;
			files = (
			);
			runOnlyForDeploymentPostprocessing = 1;
		};
/* End PBXCopyFilesBuildPhase section */

/* Begin PBXFileReference section */
		9C1CA06E1D907BF40094BABD /* xcp */ = {isa = PBXFileReference; explicitFileType = "compiled.mach-o.executable"; includeInIndex = 0; path = xcp; sourceTree = BUILT_PRODUCTS_DIR; };
		9C64AD391E0D442900CC3E85 /* Argment.swift */ = {isa = PBXFileReference; fileEncoding = 4; lastKnownFileType = sourcecode.swift; path = Argment.swift; sourceTree = "<group>"; };
		9C64AD3A1E0D442900CC3E85 /* Environment.swift */ = {isa = PBXFileReference; fileEncoding = 4; lastKnownFileType = sourcecode.swift; path = Environment.swift; sourceTree = "<group>"; };
		9C64AD3B1E0D442900CC3E85 /* SourceTree.swift */ = {isa = PBXFileReference; fileEncoding = 4; lastKnownFileType = sourcecode.swift; path = SourceTree.swift; sourceTree = "<group>"; };
		9C64AD3C1E0D442900CC3E85 /* main.swift */ = {isa = PBXFileReference; fileEncoding = 4; lastKnownFileType = sourcecode.swift; path = main.swift; sourceTree = "<group>"; };
		9C64AD3E1E0D442900CC3E85 /* AllPBX.swift */ = {isa = PBXFileReference; fileEncoding = 4; lastKnownFileType = sourcecode.swift; path = AllPBX.swift; sourceTree = "<group>"; };
		9C64AD3F1E0D442900CC3E85 /* PBX.swift */ = {isa = PBXFileReference; fileEncoding = 4; lastKnownFileType = sourcecode.swift; path = PBX.swift; sourceTree = "<group>"; };
		9C64AD411E0D442900CC3E85 /* Test.swift */ = {isa = PBXFileReference; fileEncoding = 4; lastKnownFileType = sourcecode.swift; path = Test.swift; sourceTree = "<group>"; };
		9C64AD431E0D442900CC3E85 /* Translator.swift */ = {isa = PBXFileReference; fileEncoding = 4; lastKnownFileType = sourcecode.swift; path = Translator.swift; sourceTree = "<group>"; };
		9C64AD521E0D443F00CC3E85 /* PBXSourcesBuildPhaseTranslator.swift */ = {isa = PBXFileReference; fileEncoding = 4; lastKnownFileType = sourcecode.swift; path = PBXSourcesBuildPhaseTranslator.swift; sourceTree = "<group>"; };
		9C64AD541E0D445300CC3E85 /* PBXGroupTranslator.swift */ = {isa = PBXFileReference; fileEncoding = 4; lastKnownFileType = sourcecode.swift; path = PBXGroupTranslator.swift; sourceTree = "<group>"; };
		9C64AD561E0D449F00CC3E85 /* Abstract.swift */ = {isa = PBXFileReference; fileEncoding = 4; lastKnownFileType = sourcecode.swift; path = Abstract.swift; sourceTree = "<group>"; };
		9C64AD581E0D44CA00CC3E85 /* ObjectType.swift */ = {isa = PBXFileReference; fileEncoding = 4; lastKnownFileType = sourcecode.swift; path = ObjectType.swift; sourceTree = "<group>"; };
		9C64AD5A1E0D4BC900CC3E85 /* LastKnownFileType.swift */ = {isa = PBXFileReference; fileEncoding = 4; lastKnownFileType = sourcecode.swift; path = LastKnownFileType.swift; sourceTree = "<group>"; };
		9C64AD5C1E0D4BF400CC3E85 /* PathComponent.swift */ = {isa = PBXFileReference; fileEncoding = 4; lastKnownFileType = sourcecode.swift; path = PathComponent.swift; sourceTree = "<group>"; };
		9C64AD5F1E0D4C6000CC3E85 /* XCPErrorType.swift */ = {isa = PBXFileReference; fileEncoding = 4; lastKnownFileType = sourcecode.swift; path = XCPErrorType.swift; sourceTree = "<group>"; };
		9C64AD601E0D4C6000CC3E85 /* XCPHelperer.swift */ = {isa = PBXFileReference; fileEncoding = 4; lastKnownFileType = sourcecode.swift; path = XCPHelperer.swift; sourceTree = "<group>"; };
		9C64AD611E0D4C6000CC3E85 /* XCProject.swift */ = {isa = PBXFileReference; fileEncoding = 4; lastKnownFileType = sourcecode.swift; path = XCProject.swift; sourceTree = "<group>"; };
		9C64AD651E0D4C8000CC3E85 /* XCPSerialization.swift */ = {isa = PBXFileReference; fileEncoding = 4; lastKnownFileType = sourcecode.swift; path = XCPSerialization.swift; sourceTree = "<group>"; };
/* End PBXFileReference section */

/* Begin PBXFrameworksBuildPhase section */
		9C1CA06B1D907BF40094BABD /* Frameworks */ = {
			isa = PBXFrameworksBuildPhase;
			buildActionMask = 2147483647;
			files = (
			);
			runOnlyForDeploymentPostprocessing = 0;
		};
/* End PBXFrameworksBuildPhase section */

/* Begin PBXGroup section */
		9C1CA0651D907BF40094BABD = {
			isa = PBXGroup;
			children = (
				9C1CA0701D907BF40094BABD /* xcp */,
				9C1CA06F1D907BF40094BABD /* Products */,
			);
			sourceTree = "<group>";
		};
		9C1CA06F1D907BF40094BABD /* Products */ = {
			isa = PBXGroup;
			children = (
				9C1CA06E1D907BF40094BABD /* xcp */,
			);
			name = Products;
			sourceTree = "<group>";
		};
		9C1CA0701D907BF40094BABD /* xcp */ = {
			isa = PBXGroup;
			children = (
				9C64AD3C1E0D442900CC3E85 /* main.swift */,
				9C64AD381E0D442900CC3E85 /* Component */,
				9C64AD3D1E0D442900CC3E85 /* PBX */,
				9C64AD401E0D442900CC3E85 /* Test */,
				9C64AD421E0D442900CC3E85 /* Translator */,
				9C64AD5E1E0D4C6000CC3E85 /* XCP */,
			);
			path = xcp;
			sourceTree = "<group>";
		};
		9C64AD381E0D442900CC3E85 /* Component */ = {
			isa = PBXGroup;
			children = (
				9C64AD391E0D442900CC3E85 /* Argment.swift */,
				9C64AD3A1E0D442900CC3E85 /* Environment.swift */,
				9C64AD5C1E0D4BF400CC3E85 /* PathComponent.swift */,
				9C64AD3B1E0D442900CC3E85 /* SourceTree.swift */,
				9C64AD5A1E0D4BC900CC3E85 /* LastKnownFileType.swift */,
			);
			path = Component;
			sourceTree = "<group>";
		};
		9C64AD3D1E0D442900CC3E85 /* PBX */ = {
			isa = PBXGroup;
			children = (
				9C64AD3E1E0D442900CC3E85 /* AllPBX.swift */,
				9C64AD3F1E0D442900CC3E85 /* PBX.swift */,
				9C64AD561E0D449F00CC3E85 /* Abstract.swift */,
				9C64AD581E0D44CA00CC3E85 /* ObjectType.swift */,
			);
			path = PBX;
			sourceTree = "<group>";
		};
		9C64AD401E0D442900CC3E85 /* Test */ = {
			isa = PBXGroup;
			children = (
				9C64AD411E0D442900CC3E85 /* Test.swift */,
			);
			path = Test;
			sourceTree = "<group>";
		};
		9C64AD421E0D442900CC3E85 /* Translator */ = {
			isa = PBXGroup;
			children = (
				9C64AD431E0D442900CC3E85 /* Translator.swift */,
				9C64AD541E0D445300CC3E85 /* PBXGroupTranslator.swift */,
				9C64AD521E0D443F00CC3E85 /* PBXSourcesBuildPhaseTranslator.swift */,
			);
			path = Translator;
			sourceTree = "<group>";
		};
		9C64AD5E1E0D4C6000CC3E85 /* XCP */ = {
			isa = PBXGroup;
			children = (
				9C64AD5F1E0D4C6000CC3E85 /* XCPErrorType.swift */,
				9C64AD601E0D4C6000CC3E85 /* XCPHelperer.swift */,
				9C64AD611E0D4C6000CC3E85 /* XCProject.swift */,
				9C64AD651E0D4C8000CC3E85 /* XCPSerialization.swift */,
			);
			path = XCP;
			sourceTree = "<group>";
		};
/* End PBXGroup section */

/* Begin PBXNativeTarget section */
		9C1CA06D1D907BF40094BABD /* xcp */ = {
			isa = PBXNativeTarget;
			buildConfigurationList = 9C1CA0751D907BF40094BABD /* Build configuration list for PBXNativeTarget "xcp" */;
			buildPhases = (
				9C1CA06A1D907BF40094BABD /* Sources */,
				9C1CA06B1D907BF40094BABD /* Frameworks */,
				9C1CA06C1D907BF40094BABD /* CopyFiles */,
			);
			buildRules = (
			);
			dependencies = (
			);
			name = xcp;
			productName = xcp;
			productReference = 9C1CA06E1D907BF40094BABD /* xcp */;
			productType = "com.apple.product-type.tool";
		};
/* End PBXNativeTarget section */

/* Begin PBXProject section */
		9C1CA0661D907BF40094BABD /* Project object */ = {
			isa = PBXProject;
			attributes = {
				LastSwiftUpdateCheck = 0820;
				LastUpgradeCheck = 0800;
				ORGANIZATIONNAME = kingkong999yhirose;
				TargetAttributes = {
					9C1CA06D1D907BF40094BABD = {
						CreatedOnToolsVersion = 8.0;
						LastSwiftMigration = 0810;
						ProvisioningStyle = Automatic;
					};
				};
			};
			buildConfigurationList = 9C1CA0691D907BF40094BABD /* Build configuration list for PBXProject "xcp" */;
			compatibilityVersion = "Xcode 3.2";
			developmentRegion = English;
			hasScannedForEncodings = 0;
			knownRegions = (
				en,
			);
			mainGroup = 9C1CA0651D907BF40094BABD;
			productRefGroup = 9C1CA06F1D907BF40094BABD /* Products */;
			projectDirPath = "";
			projectRoot = "";
			targets = (
				9C1CA06D1D907BF40094BABD /* xcp */,
			);
		};
/* End PBXProject section */

/* Begin PBXSourcesBuildPhase section */
		9C1CA06A1D907BF40094BABD /* Sources */ = {
			isa = PBXSourcesBuildPhase;
			buildActionMask = 2147483647;
			files = (
				9C64AD591E0D44CA00CC3E85 /* ObjectType.swift in Sources */,
				9C64AD571E0D449F00CC3E85 /* Abstract.swift in Sources */,
				9C64AD471E0D442900CC3E85 /* Argment.swift in Sources */,
				9C64AD641E0D4C6000CC3E85 /* XCProject.swift in Sources */,
				9C64AD491E0D442900CC3E85 /* SourceTree.swift in Sources */,
				9C64AD5B1E0D4BC900CC3E85 /* LastKnownFileType.swift in Sources */,
				9C64AD4A1E0D442900CC3E85 /* main.swift in Sources */,
				9C64AD531E0D443F00CC3E85 /* PBXSourcesBuildPhaseTranslator.swift in Sources */,
				9C64AD621E0D4C6000CC3E85 /* XCPErrorType.swift in Sources */,
				9C64AD551E0D445300CC3E85 /* PBXGroupTranslator.swift in Sources */,
				9C64AD4D1E0D442900CC3E85 /* Test.swift in Sources */,
				9C64AD4B1E0D442900CC3E85 /* AllPBX.swift in Sources */,
				9C64AD661E0D4C8000CC3E85 /* XCPSerialization.swift in Sources */,
				9C64AD4E1E0D442900CC3E85 /* Translator.swift in Sources */,
				9C64AD5D1E0D4BF400CC3E85 /* PathComponent.swift in Sources */,
				9C64AD631E0D4C6000CC3E85 /* XCPHelperer.swift in Sources */,
				9C64AD4C1E0D442900CC3E85 /* PBX.swift in Sources */,
				9C64AD481E0D442900CC3E85 /* Environment.swift in Sources */,
			);
			runOnlyForDeploymentPostprocessing = 0;
		};
/* End PBXSourcesBuildPhase section */

/* Begin XCBuildConfiguration section */
		9C1CA0731D907BF40094BABD /* Debug */ = {
			isa = XCBuildConfiguration;
			buildSettings = {
				ALWAYS_SEARCH_USER_PATHS = NO;
				CLANG_ANALYZER_NONNULL = YES;
				CLANG_CXX_LANGUAGE_STANDARD = "gnu++0x";
				CLANG_CXX_LIBRARY = "libc++";
				CLANG_ENABLE_MODULES = YES;
				CLANG_ENABLE_OBJC_ARC = YES;
				CLANG_WARN_BOOL_CONVERSION = YES;
				CLANG_WARN_CONSTANT_CONVERSION = YES;
				CLANG_WARN_DIRECT_OBJC_ISA_USAGE = YES_ERROR;
				CLANG_WARN_DOCUMENTATION_COMMENTS = YES;
				CLANG_WARN_EMPTY_BODY = YES;
				CLANG_WARN_ENUM_CONVERSION = YES;
				CLANG_WARN_INFINITE_RECURSION = YES;
				CLANG_WARN_INT_CONVERSION = YES;
				CLANG_WARN_OBJC_ROOT_CLASS = YES_ERROR;
				CLANG_WARN_SUSPICIOUS_MOVES = YES;
				CLANG_WARN_UNREACHABLE_CODE = YES;
				CLANG_WARN__DUPLICATE_METHOD_MATCH = YES;
				CODE_SIGN_IDENTITY = "-";
				COPY_PHASE_STRIP = NO;
				DEBUG_INFORMATION_FORMAT = dwarf;
				ENABLE_STRICT_OBJC_MSGSEND = YES;
				ENABLE_TESTABILITY = YES;
				GCC_C_LANGUAGE_STANDARD = gnu99;
				GCC_DYNAMIC_NO_PIC = NO;
				GCC_NO_COMMON_BLOCKS = YES;
				GCC_OPTIMIZATION_LEVEL = 0;
				GCC_PREPROCESSOR_DEFINITIONS = (
					"DEBUG=1",
					"$(inherited)",
				);
				GCC_WARN_64_TO_32_BIT_CONVERSION = YES;
				GCC_WARN_ABOUT_RETURN_TYPE = YES_ERROR;
				GCC_WARN_UNDECLARED_SELECTOR = YES;
				GCC_WARN_UNINITIALIZED_AUTOS = YES_AGGRESSIVE;
				GCC_WARN_UNUSED_FUNCTION = YES;
				GCC_WARN_UNUSED_VARIABLE = YES;
				MACOSX_DEPLOYMENT_TARGET = 10.11;
				MTL_ENABLE_DEBUG_INFO = YES;
				ONLY_ACTIVE_ARCH = YES;
				SDKROOT = macosx;
				SWIFT_OPTIMIZATION_LEVEL = "-Onone";
			};
			name = Debug;
		};
		9C1CA0741D907BF40094BABD /* Release */ = {
			isa = XCBuildConfiguration;
			buildSettings = {
				ALWAYS_SEARCH_USER_PATHS = NO;
				CLANG_ANALYZER_NONNULL = YES;
				CLANG_CXX_LANGUAGE_STANDARD = "gnu++0x";
				CLANG_CXX_LIBRARY = "libc++";
				CLANG_ENABLE_MODULES = YES;
				CLANG_ENABLE_OBJC_ARC = YES;
				CLANG_WARN_BOOL_CONVERSION = YES;
				CLANG_WARN_CONSTANT_CONVERSION = YES;
				CLANG_WARN_DIRECT_OBJC_ISA_USAGE = YES_ERROR;
				CLANG_WARN_DOCUMENTATION_COMMENTS = YES;
				CLANG_WARN_EMPTY_BODY = YES;
				CLANG_WARN_ENUM_CONVERSION = YES;
				CLANG_WARN_INFINITE_RECURSION = YES;
				CLANG_WARN_INT_CONVERSION = YES;
				CLANG_WARN_OBJC_ROOT_CLASS = YES_ERROR;
				CLANG_WARN_SUSPICIOUS_MOVES = YES;
				CLANG_WARN_UNREACHABLE_CODE = YES;
				CLANG_WARN__DUPLICATE_METHOD_MATCH = YES;
				CODE_SIGN_IDENTITY = "-";
				COPY_PHASE_STRIP = NO;
				DEBUG_INFORMATION_FORMAT = "dwarf-with-dsym";
				ENABLE_NS_ASSERTIONS = NO;
				ENABLE_STRICT_OBJC_MSGSEND = YES;
				ENABLE_TESTABILITY = NO;
				GCC_C_LANGUAGE_STANDARD = gnu99;
				GCC_NO_COMMON_BLOCKS = YES;
				GCC_OPTIMIZATION_LEVEL = s;
				GCC_WARN_64_TO_32_BIT_CONVERSION = YES;
				GCC_WARN_ABOUT_RETURN_TYPE = YES_ERROR;
				GCC_WARN_UNDECLARED_SELECTOR = YES;
				GCC_WARN_UNINITIALIZED_AUTOS = YES_AGGRESSIVE;
				GCC_WARN_UNUSED_FUNCTION = YES;
				GCC_WARN_UNUSED_VARIABLE = YES;
				MACOSX_DEPLOYMENT_TARGET = 10.11;
				MTL_ENABLE_DEBUG_INFO = NO;
				SDKROOT = macosx;
			};
			name = Release;
		};
		9C1CA0761D907BF40094BABD /* Debug */ = {
			isa = XCBuildConfiguration;
			buildSettings = {
				CLANG_ENABLE_MODULES = YES;
				LD_RUNPATH_SEARCH_PATHS = "$(inherited) @executable_path/../Frameworks @loader_path/../Frameworks";
				PRODUCT_NAME = "$(TARGET_NAME)";
				SWIFT_OPTIMIZATION_LEVEL = "-Onone";
				SWIFT_VERSION = 3.0;
			};
			name = Debug;
		};
		9C1CA0771D907BF40094BABD /* Release */ = {
			isa = XCBuildConfiguration;
			buildSettings = {
				CLANG_ENABLE_MODULES = YES;
				LD_RUNPATH_SEARCH_PATHS = "$(inherited) @executable_path/../Frameworks @loader_path/../Frameworks";
				PRODUCT_NAME = "$(TARGET_NAME)";
				SWIFT_VERSION = 3.0;
			};
			name = Release;
		};
/* End XCBuildConfiguration section */

/* Begin XCConfigurationList section */
		9C1CA0691D907BF40094BABD /* Build configuration list for PBXProject "xcp" */ = {
			isa = XCConfigurationList;
			buildConfigurations = (
				9C1CA0731D907BF40094BABD /* Debug */,
				9C1CA0741D907BF40094BABD /* Release */,
			);
			defaultConfigurationIsVisible = 0;
			defaultConfigurationName = Release;
		};
		9C1CA0751D907BF40094BABD /* Build configuration list for PBXNativeTarget "xcp" */ = {
			isa = XCConfigurationList;
			buildConfigurations = (
				9C1CA0761D907BF40094BABD /* Debug */,
				9C1CA0771D907BF40094BABD /* Release */,
			);
			defaultConfigurationIsVisible = 0;
			defaultConfigurationName = Release;
		};
/* End XCConfigurationList section */
	};
	rootObject = 9C1CA0661D907BF40094BABD /* Project object */;
}
